<?xml version="1.0" encoding="UTF-8"?>
<Project ToolsVersion="12.0" xmlns="http://schemas.microsoft.com/developer/msbuild/2003">
  <ItemGroup>
    <ClCompile Include="D:\temp\TimiSDK_\TimiSDK\ThirdParty\protobuf-3.3.0\gmock\src\gmock-all.cc">
      <Filter>Source Files</Filter>
    </ClCompile>
    <ClCompile Include="D:\temp\TimiSDK_\TimiSDK\ThirdParty\protobuf-3.3.0\gmock\gtest\src\gtest-all.cc">
      <Filter>Source Files</Filter>
    </ClCompile>
  </ItemGroup>
  <ItemGroup>
    <CustomBuild Include="D:\temp\TimiSDK_\TimiSDK\ThirdParty\protobuf-3.3.0\cmake\CMakeLists.txt" />
  </ItemGroup>
  <ItemGroup>
    <Filter Include="Source Files">
      <UniqueIdentifier>{4DD93F3B-F2A8-36DB-BF9F-8D7231F908E0}</UniqueIdentifier>
    </Filter>
  </ItemGroup>
</Project>
