<?xml version="1.0" encoding="UTF-8"?>
<Project ToolsVersion="12.0" xmlns="http://schemas.microsoft.com/developer/msbuild/2003">
  <ItemGroup>
    <CustomBuild Include="D:\temp\TimiSDK_\TimiSDK\ThirdParty\protobuf-3.3.0\Buildout\CMakeFiles\a260adaf830fb08c04d103a4cab15688\generate.stamp.rule">
      <Filter>CMake Rules</Filter>
    </CustomBuild>
  </ItemGroup>
  <ItemGroup>
    <Filter Include="CMake Rules">
      <UniqueIdentifier>{8101B97A-FBA3-30D9-9F04-14BA79638E08}</UniqueIdentifier>
    </Filter>
  </ItemGroup>
</Project>
